
Microsoft Visual Studio Solution File, Format Version 12.00
# Visual Studio Version 17
VisualStudioVersion = 17.10.34916.146
MinimumVisualStudioVersion = 10.0.40219.1
Project("{FAE04EC0-301F-11D3-BF4B-00C04F79EFBC}") = "FORMULARIO_PA", "FORMULARIO_PA\FORMULARIO_PA.csproj", "{6C3D2CC1-C494-4D26-9AC2-B3A01575F316}"
EndProject
Global
	GlobalSection(SolutionConfigurationPlatforms) = preSolution
		Debug|Any CPU = Debug|Any CPU
		Release|Any CPU = Release|Any CPU
	EndGlobalSection
	GlobalSection(ProjectConfigurationPlatforms) = postSolution
		{6C3D2CC1-C494-4D26-9AC2-B3A01575F316}.Debug|Any CPU.ActiveCfg = Debug|Any CPU
		{6C3D2CC1-C494-4D26-9AC2-B3A01575F316}.Debug|Any CPU.Build.0 = Debug|Any CPU
		{6C3D2CC1-C494-4D26-9AC2-B3A01575F316}.Release|Any CPU.ActiveCfg = Release|Any CPU
		{6C3D2CC1-C494-4D26-9AC2-B3A01575F316}.Release|Any CPU.Build.0 = Release|Any CPU
	EndGlobalSection
	GlobalSection(SolutionProperties) = preSolution
		HideSolutionNode = FALSE
	EndGlobalSection
	GlobalSection(ExtensibilityGlobals) = postSolution
		SolutionGuid = {95179DB0-E6CC-407F-9FA1-74E8898F37E7}
	EndGlobalSection
EndGlobal
